
Microsoft Visual Studio Solution File, Format Version 12.00
# Visual Studio 14
VisualStudioVersion = 14.0.25123.0
MinimumVisualStudioVersion = 10.0.40219.1
Project("{2150E333-8FDC-42A3-9474-1A3956D46DE8}") = "PeladaFC", "PeladaFC", "{DD70D462-32FA-44EF-8F48-18450BDDFFE8}"
EndProject
Project("{2150E333-8FDC-42A3-9474-1A3956D46DE8}") = "Framework", "Framework", "{C77574C7-9D94-48DB-8918-343FC55D07B1}"
EndProject
Project("{FAE04EC0-301F-11D3-BF4B-00C04F79EFBC}") = "Amf.Framework", "Framework\Amf.Framework.csproj", "{FF3A9633-7DA8-4341-9EF5-70E0456D2815}"
EndProject
Project("{FAE04EC0-301F-11D3-BF4B-00C04F79EFBC}") = "Tests", "FrameworkTests\Tests.csproj", "{2910D7FB-9BC7-4B7C-ADBD-6AAFDCCB8171}"
EndProject
Project("{2150E333-8FDC-42A3-9474-1A3956D46DE8}") = "InfraEstrutura", "InfraEstrutura", "{5CC0C15C-E4AF-455C-B62E-EC91A7FF1F16}"
EndProject
Project("{FAE04EC0-301F-11D3-BF4B-00C04F79EFBC}") = "Amf.PeladaFC.Infraestrutura", "Dados\Amf.PeladaFC.Infraestrutura.csproj", "{BE71FFEB-E937-46B7-83C3-E971F47A5641}"
EndProject
Project("{FAE04EC0-301F-11D3-BF4B-00C04F79EFBC}") = "Amf.PeladaFC.DomainModel", "Domain.Model\Amf.PeladaFC.DomainModel.csproj", "{E0DC1E33-2453-4EB6-8E14-905FD3D01CFE}"
EndProject
Project("{FAE04EC0-301F-11D3-BF4B-00C04F79EFBC}") = "Amf.PeladaFC.API", "PeladaFC.Servicos\Amf.PeladaFC.API.csproj", "{BAED170E-8CE6-4A4D-B14E-09392BAA024B}"
EndProject
Project("{2150E333-8FDC-42A3-9474-1A3956D46DE8}") = "Apresentacao", "Apresentacao", "{834B46FB-CB31-4395-B8BF-E49A17D0F80F}"
EndProject
Project("{FAE04EC0-301F-11D3-BF4B-00C04F79EFBC}") = "Amf.PeladaFC.WebSite", "Amf.PeladaFC.WebSite\Amf.PeladaFC.WebSite.csproj", "{643502E9-C856-4E83-836B-147EF10700B8}"
EndProject
Project("{FAE04EC0-301F-11D3-BF4B-00C04F79EFBC}") = "WebApplication1", "WebApplication1\WebApplication1.csproj", "{4CF41C08-EB15-48F1-AAA9-2963BF5569D4}"
EndProject
Project("{2150E333-8FDC-42A3-9474-1A3956D46DE8}") = "Aplicação", "Aplicação", "{08DB64EF-EF48-4746-9BF1-E6799B4522B6}"
EndProject
Project("{2150E333-8FDC-42A3-9474-1A3956D46DE8}") = "DomainModel", "DomainModel", "{EB05593C-AD56-42AA-BD83-7BD9115F6324}"
EndProject
Global
	GlobalSection(SolutionConfigurationPlatforms) = preSolution
		Debug|Any CPU = Debug|Any CPU
		Release|Any CPU = Release|Any CPU
	EndGlobalSection
	GlobalSection(ProjectConfigurationPlatforms) = postSolution
		{FF3A9633-7DA8-4341-9EF5-70E0456D2815}.Debug|Any CPU.ActiveCfg = Debug|Any CPU
		{FF3A9633-7DA8-4341-9EF5-70E0456D2815}.Debug|Any CPU.Build.0 = Debug|Any CPU
		{FF3A9633-7DA8-4341-9EF5-70E0456D2815}.Release|Any CPU.ActiveCfg = Release|Any CPU
		{FF3A9633-7DA8-4341-9EF5-70E0456D2815}.Release|Any CPU.Build.0 = Release|Any CPU
		{2910D7FB-9BC7-4B7C-ADBD-6AAFDCCB8171}.Debug|Any CPU.ActiveCfg = Debug|Any CPU
		{2910D7FB-9BC7-4B7C-ADBD-6AAFDCCB8171}.Debug|Any CPU.Build.0 = Debug|Any CPU
		{2910D7FB-9BC7-4B7C-ADBD-6AAFDCCB8171}.Release|Any CPU.ActiveCfg = Release|Any CPU
		{2910D7FB-9BC7-4B7C-ADBD-6AAFDCCB8171}.Release|Any CPU.Build.0 = Release|Any CPU
		{BE71FFEB-E937-46B7-83C3-E971F47A5641}.Debug|Any CPU.ActiveCfg = Debug|Any CPU
		{BE71FFEB-E937-46B7-83C3-E971F47A5641}.Debug|Any CPU.Build.0 = Debug|Any CPU
		{BE71FFEB-E937-46B7-83C3-E971F47A5641}.Release|Any CPU.ActiveCfg = Release|Any CPU
		{BE71FFEB-E937-46B7-83C3-E971F47A5641}.Release|Any CPU.Build.0 = Release|Any CPU
		{E0DC1E33-2453-4EB6-8E14-905FD3D01CFE}.Debug|Any CPU.ActiveCfg = Debug|Any CPU
		{E0DC1E33-2453-4EB6-8E14-905FD3D01CFE}.Debug|Any CPU.Build.0 = Debug|Any CPU
		{E0DC1E33-2453-4EB6-8E14-905FD3D01CFE}.Release|Any CPU.ActiveCfg = Release|Any CPU
		{E0DC1E33-2453-4EB6-8E14-905FD3D01CFE}.Release|Any CPU.Build.0 = Release|Any CPU
		{BAED170E-8CE6-4A4D-B14E-09392BAA024B}.Debug|Any CPU.ActiveCfg = Debug|Any CPU
		{BAED170E-8CE6-4A4D-B14E-09392BAA024B}.Debug|Any CPU.Build.0 = Debug|Any CPU
		{BAED170E-8CE6-4A4D-B14E-09392BAA024B}.Release|Any CPU.ActiveCfg = Release|Any CPU
		{BAED170E-8CE6-4A4D-B14E-09392BAA024B}.Release|Any CPU.Build.0 = Release|Any CPU
		{643502E9-C856-4E83-836B-147EF10700B8}.Debug|Any CPU.ActiveCfg = Debug|Any CPU
		{643502E9-C856-4E83-836B-147EF10700B8}.Debug|Any CPU.Build.0 = Debug|Any CPU
		{643502E9-C856-4E83-836B-147EF10700B8}.Release|Any CPU.ActiveCfg = Release|Any CPU
		{643502E9-C856-4E83-836B-147EF10700B8}.Release|Any CPU.Build.0 = Release|Any CPU
		{4CF41C08-EB15-48F1-AAA9-2963BF5569D4}.Debug|Any CPU.ActiveCfg = Debug|Any CPU
		{4CF41C08-EB15-48F1-AAA9-2963BF5569D4}.Debug|Any CPU.Build.0 = Debug|Any CPU
		{4CF41C08-EB15-48F1-AAA9-2963BF5569D4}.Release|Any CPU.ActiveCfg = Release|Any CPU
		{4CF41C08-EB15-48F1-AAA9-2963BF5569D4}.Release|Any CPU.Build.0 = Release|Any CPU
	EndGlobalSection
	GlobalSection(SolutionProperties) = preSolution
		HideSolutionNode = FALSE
	EndGlobalSection
	GlobalSection(NestedProjects) = preSolution
		{FF3A9633-7DA8-4341-9EF5-70E0456D2815} = {C77574C7-9D94-48DB-8918-343FC55D07B1}
		{5CC0C15C-E4AF-455C-B62E-EC91A7FF1F16} = {DD70D462-32FA-44EF-8F48-18450BDDFFE8}
		{BE71FFEB-E937-46B7-83C3-E971F47A5641} = {5CC0C15C-E4AF-455C-B62E-EC91A7FF1F16}
		{E0DC1E33-2453-4EB6-8E14-905FD3D01CFE} = {EB05593C-AD56-42AA-BD83-7BD9115F6324}
		{BAED170E-8CE6-4A4D-B14E-09392BAA024B} = {08DB64EF-EF48-4746-9BF1-E6799B4522B6}
		{834B46FB-CB31-4395-B8BF-E49A17D0F80F} = {DD70D462-32FA-44EF-8F48-18450BDDFFE8}
		{643502E9-C856-4E83-836B-147EF10700B8} = {834B46FB-CB31-4395-B8BF-E49A17D0F80F}
		{08DB64EF-EF48-4746-9BF1-E6799B4522B6} = {DD70D462-32FA-44EF-8F48-18450BDDFFE8}
		{EB05593C-AD56-42AA-BD83-7BD9115F6324} = {DD70D462-32FA-44EF-8F48-18450BDDFFE8}
	EndGlobalSection
EndGlobal
